
Microsoft Visual Studio Solution File, Format Version 12.00
# Visual Studio 15
Project("{FAE04EC0-301F-11D3-BF4B-00C04F79EFBC}") = "UniRx", "UniRx.csproj", "{F2B7D1D6-6E39-9EEE-7CEF-465A52BF8AD5}"
EndProject
Project("{FAE04EC0-301F-11D3-BF4B-00C04F79EFBC}") = "UniRx.Examples", "UniRx.Examples.csproj", "{CC67008E-BFBD-76AC-3943-AD088A5AC835}"
EndProject
Project("{FAE04EC0-301F-11D3-BF4B-00C04F79EFBC}") = "Assembly-CSharp-firstpass", "Assembly-CSharp-firstpass.csproj", "{261A5CFD-CE5E-AB7C-A9A8-CA27C9CFD631}"
EndProject
Project("{FAE04EC0-301F-11D3-BF4B-00C04F79EFBC}") = "Assembly-CSharp-Editor-firstpass", "Assembly-CSharp-Editor-firstpass.csproj", "{8BEFACED-E38D-8200-6045-97C4E92D8F2C}"
EndProject
Global
	GlobalSection(SolutionConfigurationPlatforms) = preSolution
		Debug|Any CPU = Debug|Any CPU
		Release|Any CPU = Release|Any CPU
	EndGlobalSection
	GlobalSection(ProjectConfigurationPlatforms) = postSolution
		{F2B7D1D6-6E39-9EEE-7CEF-465A52BF8AD5}.Debug|Any CPU.ActiveCfg = Debug|Any CPU
		{F2B7D1D6-6E39-9EEE-7CEF-465A52BF8AD5}.Debug|Any CPU.Build.0 = Debug|Any CPU
		{F2B7D1D6-6E39-9EEE-7CEF-465A52BF8AD5}.Release|Any CPU.ActiveCfg = Release|Any CPU
		{F2B7D1D6-6E39-9EEE-7CEF-465A52BF8AD5}.Release|Any CPU.Build.0 = Release|Any CPU
		{CC67008E-BFBD-76AC-3943-AD088A5AC835}.Debug|Any CPU.ActiveCfg = Debug|Any CPU
		{CC67008E-BFBD-76AC-3943-AD088A5AC835}.Debug|Any CPU.Build.0 = Debug|Any CPU
		{CC67008E-BFBD-76AC-3943-AD088A5AC835}.Release|Any CPU.ActiveCfg = Release|Any CPU
		{CC67008E-BFBD-76AC-3943-AD088A5AC835}.Release|Any CPU.Build.0 = Release|Any CPU
		{261A5CFD-CE5E-AB7C-A9A8-CA27C9CFD631}.Debug|Any CPU.ActiveCfg = Debug|Any CPU
		{261A5CFD-CE5E-AB7C-A9A8-CA27C9CFD631}.Debug|Any CPU.Build.0 = Debug|Any CPU
		{261A5CFD-CE5E-AB7C-A9A8-CA27C9CFD631}.Release|Any CPU.ActiveCfg = Release|Any CPU
		{261A5CFD-CE5E-AB7C-A9A8-CA27C9CFD631}.Release|Any CPU.Build.0 = Release|Any CPU
		{8BEFACED-E38D-8200-6045-97C4E92D8F2C}.Debug|Any CPU.ActiveCfg = Debug|Any CPU
		{8BEFACED-E38D-8200-6045-97C4E92D8F2C}.Debug|Any CPU.Build.0 = Debug|Any CPU
		{8BEFACED-E38D-8200-6045-97C4E92D8F2C}.Release|Any CPU.ActiveCfg = Release|Any CPU
		{8BEFACED-E38D-8200-6045-97C4E92D8F2C}.Release|Any CPU.Build.0 = Release|Any CPU
	EndGlobalSection
	GlobalSection(SolutionProperties) = preSolution
		HideSolutionNode = FALSE
	EndGlobalSection
EndGlobal
